
Microsoft Visual Studio Solution File, Format Version 12.00
# Visual Studio Version 17
VisualStudioVersion = 17.8.34330.188
MinimumVisualStudioVersion = 10.0.40219.1
Project("{8BC9CEB8-8B4A-11D0-8D11-00A0C91BC942}") = "MT3_0-2", "MT3_0-2.vcxproj", "{FF9D2746-E9D9-451F-BA0E-611015C26F29}"
EndProject
Global
	GlobalSection(SolutionConfigurationPlatforms) = preSolution
		Debug|x64 = Debug|x64
		Release|x64 = Release|x64
	EndGlobalSection
	GlobalSection(ProjectConfigurationPlatforms) = postSolution
		{FF9D2746-E9D9-451F-BA0E-611015C26F29}.Debug|x64.ActiveCfg = Debug|x64
		{FF9D2746-E9D9-451F-BA0E-611015C26F29}.Debug|x64.Build.0 = Debug|x64
		{FF9D2746-E9D9-451F-BA0E-611015C26F29}.Release|x64.ActiveCfg = Release|x64
		{FF9D2746-E9D9-451F-BA0E-611015C26F29}.Release|x64.Build.0 = Release|x64
	EndGlobalSection
	GlobalSection(SolutionProperties) = preSolution
		HideSolutionNode = FALSE
	EndGlobalSection
	GlobalSection(ExtensibilityGlobals) = postSolution
		SolutionGuid = {CCEE6BBF-8600-4D76-9933-470F89DCA76D}
	EndGlobalSection
EndGlobal
